
Microsoft Visual Studio Solution File, Format Version 11.00
# Visual Studio 2010
Project("{FAE04EC0-301F-11D3-BF4B-00C04F79EFBC}") = "UWA.AndroidClient", "UWA.AndroidClient\UWA.AndroidClient.csproj", "{3FF12E6C-15F9-47A8-9865-B82F93EF5465}"
EndProject
Project("{FAE04EC0-301F-11D3-BF4B-00C04F79EFBC}") = "UWA.Core", "UWA.Core\UWA.Core.csproj", "{0722759C-BB1E-46E2-BBF9-FC5494DA828C}"
EndProject
Project("{FAE04EC0-301F-11D3-BF4B-00C04F79EFBC}") = "UWA.UnitTests", "UWA.UnitTests\UWA.UnitTests.csproj", "{F92DA367-00EC-4A4F-897D-F995BE2A3F56}"
EndProject
Global
	GlobalSection(SolutionConfigurationPlatforms) = preSolution
		Debug|Any CPU = Debug|Any CPU
		Release|Any CPU = Release|Any CPU
	EndGlobalSection
	GlobalSection(ProjectConfigurationPlatforms) = postSolution
		{3FF12E6C-15F9-47A8-9865-B82F93EF5465}.Debug|Any CPU.ActiveCfg = Debug|Any CPU
		{3FF12E6C-15F9-47A8-9865-B82F93EF5465}.Debug|Any CPU.Build.0 = Debug|Any CPU
		{3FF12E6C-15F9-47A8-9865-B82F93EF5465}.Debug|Any CPU.Deploy.0 = Debug|Any CPU
		{3FF12E6C-15F9-47A8-9865-B82F93EF5465}.Release|Any CPU.ActiveCfg = Release|Any CPU
		{3FF12E6C-15F9-47A8-9865-B82F93EF5465}.Release|Any CPU.Build.0 = Release|Any CPU
		{3FF12E6C-15F9-47A8-9865-B82F93EF5465}.Release|Any CPU.Deploy.0 = Release|Any CPU
		{0722759C-BB1E-46E2-BBF9-FC5494DA828C}.Debug|Any CPU.ActiveCfg = Debug|Any CPU
		{0722759C-BB1E-46E2-BBF9-FC5494DA828C}.Debug|Any CPU.Build.0 = Debug|Any CPU
		{0722759C-BB1E-46E2-BBF9-FC5494DA828C}.Release|Any CPU.ActiveCfg = Release|Any CPU
		{0722759C-BB1E-46E2-BBF9-FC5494DA828C}.Release|Any CPU.Build.0 = Release|Any CPU
		{F92DA367-00EC-4A4F-897D-F995BE2A3F56}.Debug|Any CPU.ActiveCfg = Debug|Any CPU
		{F92DA367-00EC-4A4F-897D-F995BE2A3F56}.Debug|Any CPU.Build.0 = Debug|Any CPU
		{F92DA367-00EC-4A4F-897D-F995BE2A3F56}.Release|Any CPU.ActiveCfg = Release|Any CPU
		{F92DA367-00EC-4A4F-897D-F995BE2A3F56}.Release|Any CPU.Build.0 = Release|Any CPU
	EndGlobalSection
	GlobalSection(SolutionProperties) = preSolution
		HideSolutionNode = FALSE
	EndGlobalSection
EndGlobal
